
Microsoft Visual Studio Solution File, Format Version 12.00
# Visual Studio 15
VisualStudioVersion = 15.0.27004.2002
MinimumVisualStudioVersion = 10.0.40219.1
Project("{FAE04EC0-301F-11D3-BF4B-00C04F79EFBC}") = "Books", "Books.csproj", "{AC5EBF32-C983-4637-B31E-440D0DD09AC5}"
EndProject
Global
	GlobalSection(SolutionConfigurationPlatforms) = preSolution
		Debug|Any CPU = Debug|Any CPU
		Release|Any CPU = Release|Any CPU
	EndGlobalSection
	GlobalSection(ProjectConfigurationPlatforms) = postSolution
		{AC5EBF32-C983-4637-B31E-440D0DD09AC5}.Debug|Any CPU.ActiveCfg = Debug|Any CPU
		{AC5EBF32-C983-4637-B31E-440D0DD09AC5}.Debug|Any CPU.Build.0 = Debug|Any CPU
		{AC5EBF32-C983-4637-B31E-440D0DD09AC5}.Release|Any CPU.ActiveCfg = Release|Any CPU
		{AC5EBF32-C983-4637-B31E-440D0DD09AC5}.Release|Any CPU.Build.0 = Release|Any CPU
	EndGlobalSection
	GlobalSection(SolutionProperties) = preSolution
		HideSolutionNode = FALSE
	EndGlobalSection
	GlobalSection(ExtensibilityGlobals) = postSolution
		SolutionGuid = {0B9C121C-9ED0-4382-89A8-EEED58423BD9}
	EndGlobalSection
EndGlobal
